
Microsoft Visual Studio Solution File, Format Version 12.00
# Visual Studio 15
VisualStudioVersion = 15.0.27428.2015
MinimumVisualStudioVersion = 10.0.40219.1
Project("{FAE04EC0-301F-11D3-BF4B-00C04F79EFBC}") = "BogusExamples", "BogusExamples\BogusExamples.csproj", "{484B30F7-4547-43F5-890D-2CE0A0BA5BD8}"
EndProject
Global
	GlobalSection(SolutionConfigurationPlatforms) = preSolution
		Debug|Any CPU = Debug|Any CPU
		Release|Any CPU = Release|Any CPU
	EndGlobalSection
	GlobalSection(ProjectConfigurationPlatforms) = postSolution
		{484B30F7-4547-43F5-890D-2CE0A0BA5BD8}.Debug|Any CPU.ActiveCfg = Debug|Any CPU
		{484B30F7-4547-43F5-890D-2CE0A0BA5BD8}.Debug|Any CPU.Build.0 = Debug|Any CPU
		{484B30F7-4547-43F5-890D-2CE0A0BA5BD8}.Release|Any CPU.ActiveCfg = Release|Any CPU
		{484B30F7-4547-43F5-890D-2CE0A0BA5BD8}.Release|Any CPU.Build.0 = Release|Any CPU
	EndGlobalSection
	GlobalSection(SolutionProperties) = preSolution
		HideSolutionNode = FALSE
	EndGlobalSection
	GlobalSection(ExtensibilityGlobals) = postSolution
		SolutionGuid = {C3A1AEBA-6674-4723-A491-8895F16A1AF6}
	EndGlobalSection
EndGlobal
